
Microsoft Visual Studio Solution File, Format Version 12.00
# Visual Studio Version 17
VisualStudioVersion = 17.0.32112.339
MinimumVisualStudioVersion = 10.0.40219.1
Project("{FAE04EC0-301F-11D3-BF4B-00C04F79EFBC}") = "LineComparison", "LineComparison.csproj", "{A7C940F8-3735-46D6-BC8A-546F23427D87}"
EndProject
Global
	GlobalSection(SolutionConfigurationPlatforms) = preSolution
		Debug|Any CPU = Debug|Any CPU
		Release|Any CPU = Release|Any CPU
	EndGlobalSection
	GlobalSection(ProjectConfigurationPlatforms) = postSolution
		{A7C940F8-3735-46D6-BC8A-546F23427D87}.Debug|Any CPU.ActiveCfg = Debug|Any CPU
		{A7C940F8-3735-46D6-BC8A-546F23427D87}.Debug|Any CPU.Build.0 = Debug|Any CPU
		{A7C940F8-3735-46D6-BC8A-546F23427D87}.Release|Any CPU.ActiveCfg = Release|Any CPU
		{A7C940F8-3735-46D6-BC8A-546F23427D87}.Release|Any CPU.Build.0 = Release|Any CPU
	EndGlobalSection
	GlobalSection(SolutionProperties) = preSolution
		HideSolutionNode = FALSE
	EndGlobalSection
	GlobalSection(ExtensibilityGlobals) = postSolution
		SolutionGuid = {63DAE3C2-627F-4264-AE51-AC25C6547CA1}
	EndGlobalSection
EndGlobal
